
Microsoft Visual Studio Solution File, Format Version 12.00
# Visual Studio Version 16
VisualStudioVersion = 16.0.29424.173
MinimumVisualStudioVersion = 10.0.40219.1
Project("{FAE04EC0-301F-11D3-BF4B-00C04F79EFBC}") = "Primer_Laboratorio_De_Discretas", "Primer_Laboratorio_De_Discretas.csproj", "{90FA631E-9A76-4075-AA9C-0C607F07D184}"
EndProject
Global
	GlobalSection(SolutionConfigurationPlatforms) = preSolution
		Debug|Any CPU = Debug|Any CPU
		Release|Any CPU = Release|Any CPU
	EndGlobalSection
	GlobalSection(ProjectConfigurationPlatforms) = postSolution
		{90FA631E-9A76-4075-AA9C-0C607F07D184}.Debug|Any CPU.ActiveCfg = Debug|Any CPU
		{90FA631E-9A76-4075-AA9C-0C607F07D184}.Debug|Any CPU.Build.0 = Debug|Any CPU
		{90FA631E-9A76-4075-AA9C-0C607F07D184}.Release|Any CPU.ActiveCfg = Release|Any CPU
		{90FA631E-9A76-4075-AA9C-0C607F07D184}.Release|Any CPU.Build.0 = Release|Any CPU
	EndGlobalSection
	GlobalSection(SolutionProperties) = preSolution
		HideSolutionNode = FALSE
	EndGlobalSection
	GlobalSection(ExtensibilityGlobals) = postSolution
		SolutionGuid = {A469F1F5-3A24-45EA-8EBC-0248F211ECC5}
	EndGlobalSection
EndGlobal
